
Microsoft Visual Studio Solution File, Format Version 12.00
# Visual Studio Version 16
VisualStudioVersion = 16.0.28803.202
MinimumVisualStudioVersion = 10.0.40219.1
Project("{FAE04EC0-301F-11D3-BF4B-00C04F79EFBC}") = "TestAll", "TestAll\TestAll.csproj", "{8FF3F69F-B057-4A02-BAD1-C136E5FE332E}"
EndProject
Global
	GlobalSection(SolutionConfigurationPlatforms) = preSolution
		Debug|Any CPU = Debug|Any CPU
		Release|Any CPU = Release|Any CPU
	EndGlobalSection
	GlobalSection(ProjectConfigurationPlatforms) = postSolution
		{8FF3F69F-B057-4A02-BAD1-C136E5FE332E}.Debug|Any CPU.ActiveCfg = Debug|Any CPU
		{8FF3F69F-B057-4A02-BAD1-C136E5FE332E}.Debug|Any CPU.Build.0 = Debug|Any CPU
		{8FF3F69F-B057-4A02-BAD1-C136E5FE332E}.Release|Any CPU.ActiveCfg = Release|Any CPU
		{8FF3F69F-B057-4A02-BAD1-C136E5FE332E}.Release|Any CPU.Build.0 = Release|Any CPU
	EndGlobalSection
	GlobalSection(SolutionProperties) = preSolution
		HideSolutionNode = FALSE
	EndGlobalSection
	GlobalSection(ExtensibilityGlobals) = postSolution
		SolutionGuid = {4085E56A-BF1C-4E69-B137-3AB57C7D2052}
	EndGlobalSection
EndGlobal
