
Microsoft Visual Studio Solution File, Format Version 12.00
# Visual Studio 15
VisualStudioVersion = 15.0.28307.757
MinimumVisualStudioVersion = 10.0.40219.1
Project("{FAE04EC0-301F-11D3-BF4B-00C04F79EFBC}") = "A6409001_WebPD_Week7", "A6409001_WebPD_Week7\A6409001_WebPD_Week7.csproj", "{93538A13-266E-472D-8496-A51B1387EC76}"
EndProject
Global
	GlobalSection(SolutionConfigurationPlatforms) = preSolution
		Debug|Any CPU = Debug|Any CPU
		Release|Any CPU = Release|Any CPU
	EndGlobalSection
	GlobalSection(ProjectConfigurationPlatforms) = postSolution
		{93538A13-266E-472D-8496-A51B1387EC76}.Debug|Any CPU.ActiveCfg = Debug|Any CPU
		{93538A13-266E-472D-8496-A51B1387EC76}.Debug|Any CPU.Build.0 = Debug|Any CPU
		{93538A13-266E-472D-8496-A51B1387EC76}.Release|Any CPU.ActiveCfg = Release|Any CPU
		{93538A13-266E-472D-8496-A51B1387EC76}.Release|Any CPU.Build.0 = Release|Any CPU
	EndGlobalSection
	GlobalSection(SolutionProperties) = preSolution
		HideSolutionNode = FALSE
	EndGlobalSection
	GlobalSection(ExtensibilityGlobals) = postSolution
		SolutionGuid = {C1D73980-14DD-45CC-8640-4EA35F27DDBF}
	EndGlobalSection
EndGlobal
