
Microsoft Visual Studio Solution File, Format Version 12.00
# Visual Studio Version 16
VisualStudioVersion = 16.0.29123.88
MinimumVisualStudioVersion = 10.0.40219.1
Project("{FAE04EC0-301F-11D3-BF4B-00C04F79EFBC}") = "WebApplication1", "WebApplication1\WebApplication1.csproj", "{A730CD68-7BFB-4BEE-9C3C-BB007BBEA02C}"
EndProject
Global
	GlobalSection(SolutionConfigurationPlatforms) = preSolution
		Debug|Any CPU = Debug|Any CPU
		Release|Any CPU = Release|Any CPU
	EndGlobalSection
	GlobalSection(ProjectConfigurationPlatforms) = postSolution
		{A730CD68-7BFB-4BEE-9C3C-BB007BBEA02C}.Debug|Any CPU.ActiveCfg = Debug|Any CPU
		{A730CD68-7BFB-4BEE-9C3C-BB007BBEA02C}.Debug|Any CPU.Build.0 = Debug|Any CPU
		{A730CD68-7BFB-4BEE-9C3C-BB007BBEA02C}.Release|Any CPU.ActiveCfg = Release|Any CPU
		{A730CD68-7BFB-4BEE-9C3C-BB007BBEA02C}.Release|Any CPU.Build.0 = Release|Any CPU
	EndGlobalSection
	GlobalSection(SolutionProperties) = preSolution
		HideSolutionNode = FALSE
	EndGlobalSection
	GlobalSection(ExtensibilityGlobals) = postSolution
		SolutionGuid = {BC1C741F-AF48-46DD-A276-4F1DE996B8A9}
	EndGlobalSection
EndGlobal
